// !$*UTF8*$!
{
	archiveVersion = 1;
	classes = {
	};
	objectVersion = 46;
	objects = {

/* Begin PBXBuildFile section */
		A79218AD19CCEAEA009311C8 /* AppDelegate.swift in Sources */ = {isa = PBXBuildFile; fileRef = A79218AC19CCEAEA009311C8 /* AppDelegate.swift */; };
		A79218AF19CCEAEA009311C8 /* ViewController.swift in Sources */ = {isa = PBXBuildFile; fileRef = A79218AE19CCEAEA009311C8 /* ViewController.swift */; };
		A79218B219CCEAEA009311C8 /* Main.storyboard in Resources */ = {isa = PBXBuildFile; fileRef = A79218B019CCEAEA009311C8 /* Main.storyboard */; };
		A79218B419CCEAEA009311C8 /* Images.xcassets in Resources */ = {isa = PBXBuildFile; fileRef = A79218B319CCEAEA009311C8 /* Images.xcassets */; };
		A79218B719CCEAEA009311C8 /* LaunchScreen.xib in Resources */ = {isa = PBXBuildFile; fileRef = A79218B519CCEAEA009311C8 /* LaunchScreen.xib */; };
		A79218C319CCEAEA009311C8 /* Managing_the_KeyboardTests.swift in Sources */ = {isa = PBXBuildFile; fileRef = A79218C219CCEAEA009311C8 /* Managing_the_KeyboardTests.swift */; };
/* End PBXBuildFile section */

/* Begin PBXContainerItemProxy section */
		A79218BD19CCEAEA009311C8 /* PBXContainerItemProxy */ = {
			isa = PBXContainerItemProxy;
			containerPortal = A792189F19CCEAEA009311C8 /* Project object */;
			proxyType = 1;
			remoteGlobalIDString = A79218A619CCEAEA009311C8;
			remoteInfo = "Managing the Keyboard";
		};
/* End PBXContainerItemProxy section */

/* Begin PBXFileReference section */
		A79218A719CCEAEA009311C8 /* Managing the Keyboard.app */ = {isa = PBXFileReference; explicitFileType = wrapper.application; includeInIndex = 0; path = "Managing the Keyboard.app"; sourceTree = BUILT_PRODUCTS_DIR; };
		A79218AB19CCEAEA009311C8 /* Info.plist */ = {isa = PBXFileReference; lastKnownFileType = text.plist.xml; path = Info.plist; sourceTree = "<group>"; };
		A79218AC19CCEAEA009311C8 /* AppDelegate.swift */ = {isa = PBXFileReference; lastKnownFileType = sourcecode.swift; path = AppDelegate.swift; sourceTree = "<group>"; };
		A79218AE19CCEAEA009311C8 /* ViewController.swift */ = {isa = PBXFileReference; lastKnownFileType = sourcecode.swift; path = ViewController.swift; sourceTree = "<group>"; };
		A79218B119CCEAEA009311C8 /* Base */ = {isa = PBXFileReference; lastKnownFileType = file.storyboard; name = Base; path = Base.lproj/Main.storyboard; sourceTree = "<group>"; };
		A79218B319CCEAEA009311C8 /* Images.xcassets */ = {isa = PBXFileReference; lastKnownFileType = folder.assetcatalog; path = Images.xcassets; sourceTree = "<group>"; };
		A79218B619CCEAEA009311C8 /* Base */ = {isa = PBXFileReference; lastKnownFileType = file.xib; name = Base; path = Base.lproj/LaunchScreen.xib; sourceTree = "<group>"; };
		A79218BC19CCEAEA009311C8 /* Managing the KeyboardTests.xctest */ = {isa = PBXFileReference; explicitFileType = wrapper.cfbundle; includeInIndex = 0; path = "Managing the KeyboardTests.xctest"; sourceTree = BUILT_PRODUCTS_DIR; };
		A79218C119CCEAEA009311C8 /* Info.plist */ = {isa = PBXFileReference; lastKnownFileType = text.plist.xml; path = Info.plist; sourceTree = "<group>"; };
		A79218C219CCEAEA009311C8 /* Managing_the_KeyboardTests.swift */ = {isa = PBXFileReference; lastKnownFileType = sourcecode.swift; path = Managing_the_KeyboardTests.swift; sourceTree = "<group>"; };
/* End PBXFileReference section */

/* Begin PBXFrameworksBuildPhase section */
		A79218A419CCEAEA009311C8 /* Frameworks */ = {
			isa = PBXFrameworksBuildPhase;
			buildActionMask = 2147483647;
			files = (
			);
			runOnlyForDeploymentPostprocessing = 0;
		};
		A79218B919CCEAEA009311C8 /* Frameworks */ = {
			isa = PBXFrameworksBuildPhase;
			buildActionMask = 2147483647;
			files = (
			);
			runOnlyForDeploymentPostprocessing = 0;
		};
/* End PBXFrameworksBuildPhase section */

/* Begin PBXGroup section */
		A792189E19CCEAEA009311C8 = {
			isa = PBXGroup;
			children = (
				A79218A919CCEAEA009311C8 /* Managing the Keyboard */,
				A79218BF19CCEAEA009311C8 /* Managing the KeyboardTests */,
				A79218A819CCEAEA009311C8 /* Products */,
			);
			sourceTree = "<group>";
		};
		A79218A819CCEAEA009311C8 /* Products */ = {
			isa = PBXGroup;
			children = (
				A79218A719CCEAEA009311C8 /* Managing the Keyboard.app */,
				A79218BC19CCEAEA009311C8 /* Managing the KeyboardTests.xctest */,
			);
			name = Products;
			sourceTree = "<group>";
		};
		A79218A919CCEAEA009311C8 /* Managing the Keyboard */ = {
			isa = PBXGroup;
			children = (
				A79218AC19CCEAEA009311C8 /* AppDelegate.swift */,
				A79218AE19CCEAEA009311C8 /* ViewController.swift */,
				A79218B019CCEAEA009311C8 /* Main.storyboard */,
				A79218B319CCEAEA009311C8 /* Images.xcassets */,
				A79218B519CCEAEA009311C8 /* LaunchScreen.xib */,
				A79218AA19CCEAEA009311C8 /* Supporting Files */,
			);
			path = "Managing the Keyboard";
			sourceTree = "<group>";
		};
		A79218AA19CCEAEA009311C8 /* Supporting Files */ = {
			isa = PBXGroup;
			children = (
				A79218AB19CCEAEA009311C8 /* Info.plist */,
			);
			name = "Supporting Files";
			sourceTree = "<group>";
		};
		A79218BF19CCEAEA009311C8 /* Managing the KeyboardTests */ = {
			isa = PBXGroup;
			children = (
				A79218C219CCEAEA009311C8 /* Managing_the_KeyboardTests.swift */,
				A79218C019CCEAEA009311C8 /* Supporting Files */,
			);
			path = "Managing the KeyboardTests";
			sourceTree = "<group>";
		};
		A79218C019CCEAEA009311C8 /* Supporting Files */ = {
			isa = PBXGroup;
			children = (
				A79218C119CCEAEA009311C8 /* Info.plist */,
			);
			name = "Supporting Files";
			sourceTree = "<group>";
		};
/* End PBXGroup section */

/* Begin PBXNativeTarget section */
		A79218A619CCEAEA009311C8 /* Managing the Keyboard */ = {
			isa = PBXNativeTarget;
			buildConfigurationList = A79218C619CCEAEA009311C8 /* Build configuration list for PBXNativeTarget "Managing the Keyboard" */;
			buildPhases = (
				A79218A319CCEAEA009311C8 /* Sources */,
				A79218A419CCEAEA009311C8 /* Frameworks */,
				A79218A519CCEAEA009311C8 /* Resources */,
			);
			buildRules = (
			);
			dependencies = (
			);
			name = "Managing the Keyboard";
			productName = "Managing the Keyboard";
			productReference = A79218A719CCEAEA009311C8 /* Managing the Keyboard.app */;
			productType = "com.apple.product-type.application";
		};
		A79218BB19CCEAEA009311C8 /* Managing the KeyboardTests */ = {
			isa = PBXNativeTarget;
			buildConfigurationList = A79218C919CCEAEA009311C8 /* Build configuration list for PBXNativeTarget "Managing the KeyboardTests" */;
			buildPhases = (
				A79218B819CCEAEA009311C8 /* Sources */,
				A79218B919CCEAEA009311C8 /* Frameworks */,
				A79218BA19CCEAEA009311C8 /* Resources */,
			);
			buildRules = (
			);
			dependencies = (
				A79218BE19CCEAEA009311C8 /* PBXTargetDependency */,
			);
			name = "Managing the KeyboardTests";
			productName = "Managing the KeyboardTests";
			productReference = A79218BC19CCEAEA009311C8 /* Managing the KeyboardTests.xctest */;
			productType = "com.apple.product-type.bundle.unit-test";
		};
/* End PBXNativeTarget section */

/* Begin PBXProject section */
		A792189F19CCEAEA009311C8 /* Project object */ = {
			isa = PBXProject;
			attributes = {
				LastUpgradeCheck = 0610;
				ORGANIZATIONNAME = "Nathanial L. McConnell";
				TargetAttributes = {
					A79218A619CCEAEA009311C8 = {
						CreatedOnToolsVersion = 6.1;
					};
					A79218BB19CCEAEA009311C8 = {
						CreatedOnToolsVersion = 6.1;
						TestTargetID = A79218A619CCEAEA009311C8;
					};
				};
			};
			buildConfigurationList = A79218A219CCEAEA009311C8 /* Build configuration list for PBXProject "Managing the Keyboard" */;
			compatibilityVersion = "Xcode 3.2";
			developmentRegion = English;
			hasScannedForEncodings = 0;
			knownRegions = (
				en,
				Base,
			);
			mainGroup = A792189E19CCEAEA009311C8;
			productRefGroup = A79218A819CCEAEA009311C8 /* Products */;
			projectDirPath = "";
			projectRoot = "";
			targets = (
				A79218A619CCEAEA009311C8 /* Managing the Keyboard */,
				A79218BB19CCEAEA009311C8 /* Managing the KeyboardTests */,
			);
		};
/* End PBXProject section */

/* Begin PBXResourcesBuildPhase section */
		A79218A519CCEAEA009311C8 /* Resources */ = {
			isa = PBXResourcesBuildPhase;
			buildActionMask = 2147483647;
			files = (
				A79218B219CCEAEA009311C8 /* Main.storyboard in Resources */,
				A79218B719CCEAEA009311C8 /* LaunchScreen.xib in Resources */,
				A79218B419CCEAEA009311C8 /* Images.xcassets in Resources */,
			);
			runOnlyForDeploymentPostprocessing = 0;
		};
		A79218BA19CCEAEA009311C8 /* Resources */ = {
			isa = PBXResourcesBuildPhase;
			buildActionMask = 2147483647;
			files = (
			);
			runOnlyForDeploymentPostprocessing = 0;
		};
/* End PBXResourcesBuildPhase section */

/* Begin PBXSourcesBuildPhase section */
		A79218A319CCEAEA009311C8 /* Sources */ = {
			isa = PBXSourcesBuildPhase;
			buildActionMask = 2147483647;
			files = (
				A79218AF19CCEAEA009311C8 /* ViewController.swift in Sources */,
				A79218AD19CCEAEA009311C8 /* AppDelegate.swift in Sources */,
			);
			runOnlyForDeploymentPostprocessing = 0;
		};
		A79218B819CCEAEA009311C8 /* Sources */ = {
			isa = PBXSourcesBuildPhase;
			buildActionMask = 2147483647;
			files = (
				A79218C319CCEAEA009311C8 /* Managing_the_KeyboardTests.swift in Sources */,
			);
			runOnlyForDeploymentPostprocessing = 0;
		};
/* End PBXSourcesBuildPhase section */

/* Begin PBXTargetDependency section */
		A79218BE19CCEAEA009311C8 /* PBXTargetDependency */ = {
			isa = PBXTargetDependency;
			target = A79218A619CCEAEA009311C8 /* Managing the Keyboard */;
			targetProxy = A79218BD19CCEAEA009311C8 /* PBXContainerItemProxy */;
		};
/* End PBXTargetDependency section */

/* Begin PBXVariantGroup section */
		A79218B019CCEAEA009311C8 /* Main.storyboard */ = {
			isa = PBXVariantGroup;
			children = (
				A79218B119CCEAEA009311C8 /* Base */,
			);
			name = Main.storyboard;
			sourceTree = "<group>";
		};
		A79218B519CCEAEA009311C8 /* LaunchScreen.xib */ = {
			isa = PBXVariantGroup;
			children = (
				A79218B619CCEAEA009311C8 /* Base */,
			);
			name = LaunchScreen.xib;
			sourceTree = "<group>";
		};
/* End PBXVariantGroup section */

/* Begin XCBuildConfiguration section */
		A79218C419CCEAEA009311C8 /* Debug */ = {
			isa = XCBuildConfiguration;
			buildSettings = {
				ALWAYS_SEARCH_USER_PATHS = NO;
				CLANG_CXX_LANGUAGE_STANDARD = "gnu++0x";
				CLANG_CXX_LIBRARY = "libc++";
				CLANG_ENABLE_MODULES = YES;
				CLANG_ENABLE_OBJC_ARC = YES;
				CLANG_WARN_BOOL_CONVERSION = YES;
				CLANG_WARN_CONSTANT_CONVERSION = YES;
				CLANG_WARN_DIRECT_OBJC_ISA_USAGE = YES_ERROR;
				CLANG_WARN_EMPTY_BODY = YES;
				CLANG_WARN_ENUM_CONVERSION = YES;
				CLANG_WARN_INT_CONVERSION = YES;
				CLANG_WARN_OBJC_ROOT_CLASS = YES_ERROR;
				CLANG_WARN_UNREACHABLE_CODE = YES;
				CLANG_WARN__DUPLICATE_METHOD_MATCH = YES;
				"CODE_SIGN_IDENTITY[sdk=iphoneos*]" = "iPhone Developer";
				COPY_PHASE_STRIP = NO;
				ENABLE_STRICT_OBJC_MSGSEND = YES;
				GCC_C_LANGUAGE_STANDARD = gnu99;
				GCC_DYNAMIC_NO_PIC = NO;
				GCC_OPTIMIZATION_LEVEL = 0;
				GCC_PREPROCESSOR_DEFINITIONS = (
					"DEBUG=1",
					"$(inherited)",
				);
				GCC_SYMBOLS_PRIVATE_EXTERN = NO;
				GCC_WARN_64_TO_32_BIT_CONVERSION = YES;
				GCC_WARN_ABOUT_RETURN_TYPE = YES_ERROR;
				GCC_WARN_UNDECLARED_SELECTOR = YES;
				GCC_WARN_UNINITIALIZED_AUTOS = YES_AGGRESSIVE;
				GCC_WARN_UNUSED_FUNCTION = YES;
				GCC_WARN_UNUSED_VARIABLE = YES;
				IPHONEOS_DEPLOYMENT_TARGET = 8.0;
				MTL_ENABLE_DEBUG_INFO = YES;
				ONLY_ACTIVE_ARCH = YES;
				SDKROOT = iphoneos;
				SWIFT_OPTIMIZATION_LEVEL = "-Onone";
			};
			name = Debug;
		};
		A79218C519CCEAEA009311C8 /* Release */ = {
			isa = XCBuildConfiguration;
			buildSettings = {
				ALWAYS_SEARCH_USER_PATHS = NO;
				CLANG_CXX_LANGUAGE_STANDARD = "gnu++0x";
				CLANG_CXX_LIBRARY = "libc++";
				CLANG_ENABLE_MODULES = YES;
				CLANG_ENABLE_OBJC_ARC = YES;
				CLANG_WARN_BOOL_CONVERSION = YES;
				CLANG_WARN_CONSTANT_CONVERSION = YES;
				CLANG_WARN_DIRECT_OBJC_ISA_USAGE = YES_ERROR;
				CLANG_WARN_EMPTY_BODY = YES;
				CLANG_WARN_ENUM_CONVERSION = YES;
				CLANG_WARN_INT_CONVERSION = YES;
				CLANG_WARN_OBJC_ROOT_CLASS = YES_ERROR;
				CLANG_WARN_UNREACHABLE_CODE = YES;
				CLANG_WARN__DUPLICATE_METHOD_MATCH = YES;
				"CODE_SIGN_IDENTITY[sdk=iphoneos*]" = "iPhone Developer";
				COPY_PHASE_STRIP = YES;
				ENABLE_NS_ASSERTIONS = NO;
				ENABLE_STRICT_OBJC_MSGSEND = YES;
				GCC_C_LANGUAGE_STANDARD = gnu99;
				GCC_WARN_64_TO_32_BIT_CONVERSION = YES;
				GCC_WARN_ABOUT_RETURN_TYPE = YES_ERROR;
				GCC_WARN_UNDECLARED_SELECTOR = YES;
				GCC_WARN_UNINITIALIZED_AUTOS = YES_AGGRESSIVE;
				GCC_WARN_UNUSED_FUNCTION = YES;
				GCC_WARN_UNUSED_VARIABLE = YES;
				IPHONEOS_DEPLOYMENT_TARGET = 8.0;
				MTL_ENABLE_DEBUG_INFO = NO;
				SDKROOT = iphoneos;
				VALIDATE_PRODUCT = YES;
			};
			name = Release;
		};
		A79218C719CCEAEA009311C8 /* Debug */ = {
			isa = XCBuildConfiguration;
			buildSettings = {
				ASSETCATALOG_COMPILER_APPICON_NAME = AppIcon;
				INFOPLIST_FILE = "Managing the Keyboard/Info.plist";
				LD_RUNPATH_SEARCH_PATHS = "$(inherited) @executable_path/Frameworks";
				PRODUCT_NAME = "$(TARGET_NAME)";
			};
			name = Debug;
		};
		A79218C819CCEAEA009311C8 /* Release */ = {
			isa = XCBuildConfiguration;
			buildSettings = {
				ASSETCATALOG_COMPILER_APPICON_NAME = AppIcon;
				INFOPLIST_FILE = "Managing the Keyboard/Info.plist";
				LD_RUNPATH_SEARCH_PATHS = "$(inherited) @executable_path/Frameworks";
				PRODUCT_NAME = "$(TARGET_NAME)";
			};
			name = Release;
		};
		A79218CA19CCEAEA009311C8 /* Debug */ = {
			isa = XCBuildConfiguration;
			buildSettings = {
				BUNDLE_LOADER = "$(TEST_HOST)";
				FRAMEWORK_SEARCH_PATHS = (
					"$(SDKROOT)/Developer/Library/Frameworks",
					"$(inherited)",
				);
				GCC_PREPROCESSOR_DEFINITIONS = (
					"DEBUG=1",
					"$(inherited)",
				);
				INFOPLIST_FILE = "Managing the KeyboardTests/Info.plist";
				LD_RUNPATH_SEARCH_PATHS = "$(inherited) @executable_path/Frameworks @loader_path/Frameworks";
				PRODUCT_NAME = "$(TARGET_NAME)";
				TEST_HOST = "$(BUILT_PRODUCTS_DIR)/Managing the Keyboard.app/Managing the Keyboard";
			};
			name = Debug;
		};
		A79218CB19CCEAEA009311C8 /* Release */ = {
			isa = XCBuildConfiguration;
			buildSettings = {
				BUNDLE_LOADER = "$(TEST_HOST)";
				FRAMEWORK_SEARCH_PATHS = (
					"$(SDKROOT)/Developer/Library/Frameworks",
					"$(inherited)",
				);
				INFOPLIST_FILE = "Managing the KeyboardTests/Info.plist";
				LD_RUNPATH_SEARCH_PATHS = "$(inherited) @executable_path/Frameworks @loader_path/Frameworks";
				PRODUCT_NAME = "$(TARGET_NAME)";
				TEST_HOST = "$(BUILT_PRODUCTS_DIR)/Managing the Keyboard.app/Managing the Keyboard";
			};
			name = Release;
		};
/* End XCBuildConfiguration section */

/* Begin XCConfigurationList section */
		A79218A219CCEAEA009311C8 /* Build configuration list for PBXProject "Managing the Keyboard" */ = {
			isa = XCConfigurationList;
			buildConfigurations = (
				A79218C419CCEAEA009311C8 /* Debug */,
				A79218C519CCEAEA009311C8 /* Release */,
			);
			defaultConfigurationIsVisible = 0;
			defaultConfigurationName = Release;
		};
		A79218C619CCEAEA009311C8 /* Build configuration list for PBXNativeTarget "Managing the Keyboard" */ = {
			isa = XCConfigurationList;
			buildConfigurations = (
				A79218C719CCEAEA009311C8 /* Debug */,
				A79218C819CCEAEA009311C8 /* Release */,
			);
			defaultConfigurationIsVisible = 0;
		};
		A79218C919CCEAEA009311C8 /* Build configuration list for PBXNativeTarget "Managing the KeyboardTests" */ = {
			isa = XCConfigurationList;
			buildConfigurations = (
				A79218CA19CCEAEA009311C8 /* Debug */,
				A79218CB19CCEAEA009311C8 /* Release */,
			);
			defaultConfigurationIsVisible = 0;
		};
/* End XCConfigurationList section */
	};
	rootObject = A792189F19CCEAEA009311C8 /* Project object */;
}
